
Microsoft Visual Studio Solution File, Format Version 12.00
# Visual Studio Version 17
VisualStudioVersion = 17.4.33110.190
MinimumVisualStudioVersion = 10.0.40219.1
Project("{FAE04EC0-301F-11D3-BF4B-00C04F79EFBC}") = "BioscoopCasusSOA3", "BioscoopCasusSOA3\BioscoopCasusSOA3.csproj", "{B38859CC-1916-44DE-9B37-8EDFA42CC532}"
EndProject
Global
	GlobalSection(SolutionConfigurationPlatforms) = preSolution
		Debug|Any CPU = Debug|Any CPU
		Release|Any CPU = Release|Any CPU
	EndGlobalSection
	GlobalSection(ProjectConfigurationPlatforms) = postSolution
		{B38859CC-1916-44DE-9B37-8EDFA42CC532}.Debug|Any CPU.ActiveCfg = Debug|Any CPU
		{B38859CC-1916-44DE-9B37-8EDFA42CC532}.Debug|Any CPU.Build.0 = Debug|Any CPU
		{B38859CC-1916-44DE-9B37-8EDFA42CC532}.Release|Any CPU.ActiveCfg = Release|Any CPU
		{B38859CC-1916-44DE-9B37-8EDFA42CC532}.Release|Any CPU.Build.0 = Release|Any CPU
	EndGlobalSection
	GlobalSection(SolutionProperties) = preSolution
		HideSolutionNode = FALSE
	EndGlobalSection
	GlobalSection(ExtensibilityGlobals) = postSolution
		SolutionGuid = {B51F6944-360B-49CF-9EAD-B859F790592C}
	EndGlobalSection
EndGlobal
